
Microsoft Visual Studio Solution File, Format Version 12.00
# Visual Studio Version 16
VisualStudioVersion = 16.0.30711.63
MinimumVisualStudioVersion = 10.0.40219.1
Project("{FAE04EC0-301F-11D3-BF4B-00C04F79EFBC}") = "standart sapma hesabı", "standart sapma hesabı\standart sapma hesabı.csproj", "{CB20A1E4-7A73-40C8-89CA-90DCCC67DC14}"
EndProject
Global
	GlobalSection(SolutionConfigurationPlatforms) = preSolution
		Debug|Any CPU = Debug|Any CPU
		Release|Any CPU = Release|Any CPU
	EndGlobalSection
	GlobalSection(ProjectConfigurationPlatforms) = postSolution
		{CB20A1E4-7A73-40C8-89CA-90DCCC67DC14}.Debug|Any CPU.ActiveCfg = Debug|Any CPU
		{CB20A1E4-7A73-40C8-89CA-90DCCC67DC14}.Debug|Any CPU.Build.0 = Debug|Any CPU
		{CB20A1E4-7A73-40C8-89CA-90DCCC67DC14}.Release|Any CPU.ActiveCfg = Release|Any CPU
		{CB20A1E4-7A73-40C8-89CA-90DCCC67DC14}.Release|Any CPU.Build.0 = Release|Any CPU
	EndGlobalSection
	GlobalSection(SolutionProperties) = preSolution
		HideSolutionNode = FALSE
	EndGlobalSection
	GlobalSection(ExtensibilityGlobals) = postSolution
		SolutionGuid = {44F19A04-A2CD-4C45-857D-793E52C46F72}
	EndGlobalSection
EndGlobal
